
Microsoft Visual Studio Solution File, Format Version 12.00
# Visual Studio Version 17
VisualStudioVersion = 17.13.35931.197
MinimumVisualStudioVersion = 10.0.40219.1
Project("{FAE04EC0-301F-11D3-BF4B-00C04F79EFBC}") = "Algorithms", "Algorithms\Algorithms.csproj", "{49CF620F-E308-4ABD-8446-AAD03B4234CC}"
EndProject
Project("{FAE04EC0-301F-11D3-BF4B-00C04F79EFBC}") = "Algorithms.Tests", "Algorithms.Tests\Algorithms.Tests.csproj", "{2FD357DF-FF74-4A7B-B1DA-6808AC6B9381}"
EndProject
Global
	GlobalSection(SolutionConfigurationPlatforms) = preSolution
		Debug|Any CPU = Debug|Any CPU
		Release|Any CPU = Release|Any CPU
	EndGlobalSection
	GlobalSection(ProjectConfigurationPlatforms) = postSolution
		{49CF620F-E308-4ABD-8446-AAD03B4234CC}.Debug|Any CPU.ActiveCfg = Debug|Any CPU
		{49CF620F-E308-4ABD-8446-AAD03B4234CC}.Debug|Any CPU.Build.0 = Debug|Any CPU
		{49CF620F-E308-4ABD-8446-AAD03B4234CC}.Release|Any CPU.ActiveCfg = Release|Any CPU
		{49CF620F-E308-4ABD-8446-AAD03B4234CC}.Release|Any CPU.Build.0 = Release|Any CPU
		{2FD357DF-FF74-4A7B-B1DA-6808AC6B9381}.Debug|Any CPU.ActiveCfg = Debug|Any CPU
		{2FD357DF-FF74-4A7B-B1DA-6808AC6B9381}.Debug|Any CPU.Build.0 = Debug|Any CPU
		{2FD357DF-FF74-4A7B-B1DA-6808AC6B9381}.Release|Any CPU.ActiveCfg = Release|Any CPU
		{2FD357DF-FF74-4A7B-B1DA-6808AC6B9381}.Release|Any CPU.Build.0 = Release|Any CPU
	EndGlobalSection
	GlobalSection(SolutionProperties) = preSolution
		HideSolutionNode = FALSE
	EndGlobalSection
	GlobalSection(ExtensibilityGlobals) = postSolution
		SolutionGuid = {9AC00204-2FE3-4041-BC7A-EF66E81F0D58}
	EndGlobalSection
EndGlobal
